// !$*UTF8*$!
{
	archiveVersion = 1;
	classes = {
	};
	objectVersion = 50;
	objects = {

/* Begin PBXBuildFile section */
		81401D652505439600292B07 /* AppDelegate.swift in Sources */ = {isa = PBXBuildFile; fileRef = 81401D642505439600292B07 /* AppDelegate.swift */; };
		81401D672505439600292B07 /* SceneDelegate.swift in Sources */ = {isa = PBXBuildFile; fileRef = 81401D662505439600292B07 /* SceneDelegate.swift */; };
		81401D692505439600292B07 /* ViewController.swift in Sources */ = {isa = PBXBuildFile; fileRef = 81401D682505439600292B07 /* ViewController.swift */; };
		81401D6C2505439600292B07 /* Main.storyboard in Resources */ = {isa = PBXBuildFile; fileRef = 81401D6A2505439600292B07 /* Main.storyboard */; };
		81401D6E2505439A00292B07 /* Assets.xcassets in Resources */ = {isa = PBXBuildFile; fileRef = 81401D6D2505439A00292B07 /* Assets.xcassets */; };
		81401D712505439A00292B07 /* LaunchScreen.storyboard in Resources */ = {isa = PBXBuildFile; fileRef = 81401D6F2505439A00292B07 /* LaunchScreen.storyboard */; };
		81401D7B250543FF00292B07 /* CocktailCell.swift in Sources */ = {isa = PBXBuildFile; fileRef = 81401D79250543FF00292B07 /* CocktailCell.swift */; };
		81401D7C250543FF00292B07 /* CocktailCell.xib in Resources */ = {isa = PBXBuildFile; fileRef = 81401D7A250543FF00292B07 /* CocktailCell.xib */; };
		81401D7F25054B1800292B07 /* CocktailModel.swift in Sources */ = {isa = PBXBuildFile; fileRef = 81401D7E25054B1800292B07 /* CocktailModel.swift */; };
		81401D8125054B2100292B07 /* DataService.swift in Sources */ = {isa = PBXBuildFile; fileRef = 81401D8025054B2100292B07 /* DataService.swift */; };
		81401D832505526300292B07 /* DisplayImageVC.swift in Sources */ = {isa = PBXBuildFile; fileRef = 81401D822505526300292B07 /* DisplayImageVC.swift */; };
/* End PBXBuildFile section */

/* Begin PBXFileReference section */
		81401D612505439600292B07 /* ClosureInTableViewCell.app */ = {isa = PBXFileReference; explicitFileType = wrapper.application; includeInIndex = 0; path = ClosureInTableViewCell.app; sourceTree = BUILT_PRODUCTS_DIR; };
		81401D642505439600292B07 /* AppDelegate.swift */ = {isa = PBXFileReference; lastKnownFileType = sourcecode.swift; path = AppDelegate.swift; sourceTree = "<group>"; };
		81401D662505439600292B07 /* SceneDelegate.swift */ = {isa = PBXFileReference; lastKnownFileType = sourcecode.swift; path = SceneDelegate.swift; sourceTree = "<group>"; };
		81401D682505439600292B07 /* ViewController.swift */ = {isa = PBXFileReference; lastKnownFileType = sourcecode.swift; path = ViewController.swift; sourceTree = "<group>"; };
		81401D6B2505439600292B07 /* Base */ = {isa = PBXFileReference; lastKnownFileType = file.storyboard; name = Base; path = Base.lproj/Main.storyboard; sourceTree = "<group>"; };
		81401D6D2505439A00292B07 /* Assets.xcassets */ = {isa = PBXFileReference; lastKnownFileType = folder.assetcatalog; path = Assets.xcassets; sourceTree = "<group>"; };
		81401D702505439A00292B07 /* Base */ = {isa = PBXFileReference; lastKnownFileType = file.storyboard; name = Base; path = Base.lproj/LaunchScreen.storyboard; sourceTree = "<group>"; };
		81401D722505439A00292B07 /* Info.plist */ = {isa = PBXFileReference; lastKnownFileType = text.plist.xml; path = Info.plist; sourceTree = "<group>"; };
		81401D79250543FF00292B07 /* CocktailCell.swift */ = {isa = PBXFileReference; lastKnownFileType = sourcecode.swift; path = CocktailCell.swift; sourceTree = "<group>"; };
		81401D7A250543FF00292B07 /* CocktailCell.xib */ = {isa = PBXFileReference; lastKnownFileType = file.xib; path = CocktailCell.xib; sourceTree = "<group>"; };
		81401D7E25054B1800292B07 /* CocktailModel.swift */ = {isa = PBXFileReference; lastKnownFileType = sourcecode.swift; path = CocktailModel.swift; sourceTree = "<group>"; };
		81401D8025054B2100292B07 /* DataService.swift */ = {isa = PBXFileReference; lastKnownFileType = sourcecode.swift; path = DataService.swift; sourceTree = "<group>"; };
		81401D822505526300292B07 /* DisplayImageVC.swift */ = {isa = PBXFileReference; lastKnownFileType = sourcecode.swift; path = DisplayImageVC.swift; sourceTree = "<group>"; };
/* End PBXFileReference section */

/* Begin PBXFrameworksBuildPhase section */
		81401D5E2505439600292B07 /* Frameworks */ = {
			isa = PBXFrameworksBuildPhase;
			buildActionMask = 2147483647;
			files = (
			);
			runOnlyForDeploymentPostprocessing = 0;
		};
/* End PBXFrameworksBuildPhase section */

/* Begin PBXGroup section */
		81401D582505439600292B07 = {
			isa = PBXGroup;
			children = (
				81401D632505439600292B07 /* ClosureInTableViewCell */,
				81401D622505439600292B07 /* Products */,
			);
			sourceTree = "<group>";
		};
		81401D622505439600292B07 /* Products */ = {
			isa = PBXGroup;
			children = (
				81401D612505439600292B07 /* ClosureInTableViewCell.app */,
			);
			name = Products;
			sourceTree = "<group>";
		};
		81401D632505439600292B07 /* ClosureInTableViewCell */ = {
			isa = PBXGroup;
			children = (
				81401D7D25054B0900292B07 /* DataService */,
				81401D78250543DC00292B07 /* TableViewCell */,
				81401D642505439600292B07 /* AppDelegate.swift */,
				81401D662505439600292B07 /* SceneDelegate.swift */,
				81401D682505439600292B07 /* ViewController.swift */,
				81401D822505526300292B07 /* DisplayImageVC.swift */,
				81401D6A2505439600292B07 /* Main.storyboard */,
				81401D6D2505439A00292B07 /* Assets.xcassets */,
				81401D6F2505439A00292B07 /* LaunchScreen.storyboard */,
				81401D722505439A00292B07 /* Info.plist */,
			);
			path = ClosureInTableViewCell;
			sourceTree = "<group>";
		};
		81401D78250543DC00292B07 /* TableViewCell */ = {
			isa = PBXGroup;
			children = (
				81401D79250543FF00292B07 /* CocktailCell.swift */,
				81401D7A250543FF00292B07 /* CocktailCell.xib */,
			);
			path = TableViewCell;
			sourceTree = "<group>";
		};
		81401D7D25054B0900292B07 /* DataService */ = {
			isa = PBXGroup;
			children = (
				81401D7E25054B1800292B07 /* CocktailModel.swift */,
				81401D8025054B2100292B07 /* DataService.swift */,
			);
			path = DataService;
			sourceTree = "<group>";
		};
/* End PBXGroup section */

/* Begin PBXNativeTarget section */
		81401D602505439600292B07 /* ClosureInTableViewCell */ = {
			isa = PBXNativeTarget;
			buildConfigurationList = 81401D752505439A00292B07 /* Build configuration list for PBXNativeTarget "ClosureInTableViewCell" */;
			buildPhases = (
				81401D5D2505439600292B07 /* Sources */,
				81401D5E2505439600292B07 /* Frameworks */,
				81401D5F2505439600292B07 /* Resources */,
			);
			buildRules = (
			);
			dependencies = (
			);
			name = ClosureInTableViewCell;
			productName = ClosureInTableViewCell;
			productReference = 81401D612505439600292B07 /* ClosureInTableViewCell.app */;
			productType = "com.apple.product-type.application";
		};
/* End PBXNativeTarget section */

/* Begin PBXProject section */
		81401D592505439600292B07 /* Project object */ = {
			isa = PBXProject;
			attributes = {
				LastSwiftUpdateCheck = 1170;
				LastUpgradeCheck = 1170;
				ORGANIZATIONNAME = "LuyệnĐào";
				TargetAttributes = {
					81401D602505439600292B07 = {
						CreatedOnToolsVersion = 11.7;
					};
				};
			};
			buildConfigurationList = 81401D5C2505439600292B07 /* Build configuration list for PBXProject "ClosureInTableViewCell" */;
			compatibilityVersion = "Xcode 9.3";
			developmentRegion = en;
			hasScannedForEncodings = 0;
			knownRegions = (
				en,
				Base,
			);
			mainGroup = 81401D582505439600292B07;
			productRefGroup = 81401D622505439600292B07 /* Products */;
			projectDirPath = "";
			projectRoot = "";
			targets = (
				81401D602505439600292B07 /* ClosureInTableViewCell */,
			);
		};
/* End PBXProject section */

/* Begin PBXResourcesBuildPhase section */
		81401D5F2505439600292B07 /* Resources */ = {
			isa = PBXResourcesBuildPhase;
			buildActionMask = 2147483647;
			files = (
				81401D712505439A00292B07 /* LaunchScreen.storyboard in Resources */,
				81401D6E2505439A00292B07 /* Assets.xcassets in Resources */,
				81401D6C2505439600292B07 /* Main.storyboard in Resources */,
				81401D7C250543FF00292B07 /* CocktailCell.xib in Resources */,
			);
			runOnlyForDeploymentPostprocessing = 0;
		};
/* End PBXResourcesBuildPhase section */

/* Begin PBXSourcesBuildPhase section */
		81401D5D2505439600292B07 /* Sources */ = {
			isa = PBXSourcesBuildPhase;
			buildActionMask = 2147483647;
			files = (
				81401D7F25054B1800292B07 /* CocktailModel.swift in Sources */,
				81401D832505526300292B07 /* DisplayImageVC.swift in Sources */,
				81401D692505439600292B07 /* ViewController.swift in Sources */,
				81401D652505439600292B07 /* AppDelegate.swift in Sources */,
				81401D8125054B2100292B07 /* DataService.swift in Sources */,
				81401D672505439600292B07 /* SceneDelegate.swift in Sources */,
				81401D7B250543FF00292B07 /* CocktailCell.swift in Sources */,
			);
			runOnlyForDeploymentPostprocessing = 0;
		};
/* End PBXSourcesBuildPhase section */

/* Begin PBXVariantGroup section */
		81401D6A2505439600292B07 /* Main.storyboard */ = {
			isa = PBXVariantGroup;
			children = (
				81401D6B2505439600292B07 /* Base */,
			);
			name = Main.storyboard;
			sourceTree = "<group>";
		};
		81401D6F2505439A00292B07 /* LaunchScreen.storyboard */ = {
			isa = PBXVariantGroup;
			children = (
				81401D702505439A00292B07 /* Base */,
			);
			name = LaunchScreen.storyboard;
			sourceTree = "<group>";
		};
/* End PBXVariantGroup section */

/* Begin XCBuildConfiguration section */
		81401D732505439A00292B07 /* Debug */ = {
			isa = XCBuildConfiguration;
			buildSettings = {
				ALWAYS_SEARCH_USER_PATHS = NO;
				CLANG_ANALYZER_NONNULL = YES;
				CLANG_ANALYZER_NUMBER_OBJECT_CONVERSION = YES_AGGRESSIVE;
				CLANG_CXX_LANGUAGE_STANDARD = "gnu++14";
				CLANG_CXX_LIBRARY = "libc++";
				CLANG_ENABLE_MODULES = YES;
				CLANG_ENABLE_OBJC_ARC = YES;
				CLANG_ENABLE_OBJC_WEAK = YES;
				CLANG_WARN_BLOCK_CAPTURE_AUTORELEASING = YES;
				CLANG_WARN_BOOL_CONVERSION = YES;
				CLANG_WARN_COMMA = YES;
				CLANG_WARN_CONSTANT_CONVERSION = YES;
				CLANG_WARN_DEPRECATED_OBJC_IMPLEMENTATIONS = YES;
				CLANG_WARN_DIRECT_OBJC_ISA_USAGE = YES_ERROR;
				CLANG_WARN_DOCUMENTATION_COMMENTS = YES;
				CLANG_WARN_EMPTY_BODY = YES;
				CLANG_WARN_ENUM_CONVERSION = YES;
				CLANG_WARN_INFINITE_RECURSION = YES;
				CLANG_WARN_INT_CONVERSION = YES;
				CLANG_WARN_NON_LITERAL_NULL_CONVERSION = YES;
				CLANG_WARN_OBJC_IMPLICIT_RETAIN_SELF = YES;
				CLANG_WARN_OBJC_LITERAL_CONVERSION = YES;
				CLANG_WARN_OBJC_ROOT_CLASS = YES_ERROR;
				CLANG_WARN_RANGE_LOOP_ANALYSIS = YES;
				CLANG_WARN_STRICT_PROTOTYPES = YES;
				CLANG_WARN_SUSPICIOUS_MOVE = YES;
				CLANG_WARN_UNGUARDED_AVAILABILITY = YES_AGGRESSIVE;
				CLANG_WARN_UNREACHABLE_CODE = YES;
				CLANG_WARN__DUPLICATE_METHOD_MATCH = YES;
				COPY_PHASE_STRIP = NO;
				DEBUG_INFORMATION_FORMAT = dwarf;
				ENABLE_STRICT_OBJC_MSGSEND = YES;
				ENABLE_TESTABILITY = YES;
				GCC_C_LANGUAGE_STANDARD = gnu11;
				GCC_DYNAMIC_NO_PIC = NO;
				GCC_NO_COMMON_BLOCKS = YES;
				GCC_OPTIMIZATION_LEVEL = 0;
				GCC_PREPROCESSOR_DEFINITIONS = (
					"DEBUG=1",
					"$(inherited)",
				);
				GCC_WARN_64_TO_32_BIT_CONVERSION = YES;
				GCC_WARN_ABOUT_RETURN_TYPE = YES_ERROR;
				GCC_WARN_UNDECLARED_SELECTOR = YES;
				GCC_WARN_UNINITIALIZED_AUTOS = YES_AGGRESSIVE;
				GCC_WARN_UNUSED_FUNCTION = YES;
				GCC_WARN_UNUSED_VARIABLE = YES;
				IPHONEOS_DEPLOYMENT_TARGET = 13.7;
				MTL_ENABLE_DEBUG_INFO = INCLUDE_SOURCE;
				MTL_FAST_MATH = YES;
				ONLY_ACTIVE_ARCH = YES;
				SDKROOT = iphoneos;
				SWIFT_ACTIVE_COMPILATION_CONDITIONS = DEBUG;
				SWIFT_OPTIMIZATION_LEVEL = "-Onone";
			};
			name = Debug;
		};
		81401D742505439A00292B07 /* Release */ = {
			isa = XCBuildConfiguration;
			buildSettings = {
				ALWAYS_SEARCH_USER_PATHS = NO;
				CLANG_ANALYZER_NONNULL = YES;
				CLANG_ANALYZER_NUMBER_OBJECT_CONVERSION = YES_AGGRESSIVE;
				CLANG_CXX_LANGUAGE_STANDARD = "gnu++14";
				CLANG_CXX_LIBRARY = "libc++";
				CLANG_ENABLE_MODULES = YES;
				CLANG_ENABLE_OBJC_ARC = YES;
				CLANG_ENABLE_OBJC_WEAK = YES;
				CLANG_WARN_BLOCK_CAPTURE_AUTORELEASING = YES;
				CLANG_WARN_BOOL_CONVERSION = YES;
				CLANG_WARN_COMMA = YES;
				CLANG_WARN_CONSTANT_CONVERSION = YES;
				CLANG_WARN_DEPRECATED_OBJC_IMPLEMENTATIONS = YES;
				CLANG_WARN_DIRECT_OBJC_ISA_USAGE = YES_ERROR;
				CLANG_WARN_DOCUMENTATION_COMMENTS = YES;
				CLANG_WARN_EMPTY_BODY = YES;
				CLANG_WARN_ENUM_CONVERSION = YES;
				CLANG_WARN_INFINITE_RECURSION = YES;
				CLANG_WARN_INT_CONVERSION = YES;
				CLANG_WARN_NON_LITERAL_NULL_CONVERSION = YES;
				CLANG_WARN_OBJC_IMPLICIT_RETAIN_SELF = YES;
				CLANG_WARN_OBJC_LITERAL_CONVERSION = YES;
				CLANG_WARN_OBJC_ROOT_CLASS = YES_ERROR;
				CLANG_WARN_RANGE_LOOP_ANALYSIS = YES;
				CLANG_WARN_STRICT_PROTOTYPES = YES;
				CLANG_WARN_SUSPICIOUS_MOVE = YES;
				CLANG_WARN_UNGUARDED_AVAILABILITY = YES_AGGRESSIVE;
				CLANG_WARN_UNREACHABLE_CODE = YES;
				CLANG_WARN__DUPLICATE_METHOD_MATCH = YES;
				COPY_PHASE_STRIP = NO;
				DEBUG_INFORMATION_FORMAT = "dwarf-with-dsym";
				ENABLE_NS_ASSERTIONS = NO;
				ENABLE_STRICT_OBJC_MSGSEND = YES;
				GCC_C_LANGUAGE_STANDARD = gnu11;
				GCC_NO_COMMON_BLOCKS = YES;
				GCC_WARN_64_TO_32_BIT_CONVERSION = YES;
				GCC_WARN_ABOUT_RETURN_TYPE = YES_ERROR;
				GCC_WARN_UNDECLARED_SELECTOR = YES;
				GCC_WARN_UNINITIALIZED_AUTOS = YES_AGGRESSIVE;
				GCC_WARN_UNUSED_FUNCTION = YES;
				GCC_WARN_UNUSED_VARIABLE = YES;
				IPHONEOS_DEPLOYMENT_TARGET = 13.7;
				MTL_ENABLE_DEBUG_INFO = NO;
				MTL_FAST_MATH = YES;
				SDKROOT = iphoneos;
				SWIFT_COMPILATION_MODE = wholemodule;
				SWIFT_OPTIMIZATION_LEVEL = "-O";
				VALIDATE_PRODUCT = YES;
			};
			name = Release;
		};
		81401D762505439A00292B07 /* Debug */ = {
			isa = XCBuildConfiguration;
			buildSettings = {
				ASSETCATALOG_COMPILER_APPICON_NAME = AppIcon;
				CODE_SIGN_STYLE = Automatic;
				INFOPLIST_FILE = ClosureInTableViewCell/Info.plist;
				LD_RUNPATH_SEARCH_PATHS = (
					"$(inherited)",
					"@executable_path/Frameworks",
				);
				PRODUCT_BUNDLE_IDENTIFIER = "luye--n-a-o.ClosureInTableViewCell";
				PRODUCT_NAME = "$(TARGET_NAME)";
				SWIFT_VERSION = 5.0;
				TARGETED_DEVICE_FAMILY = "1,2";
			};
			name = Debug;
		};
		81401D772505439A00292B07 /* Release */ = {
			isa = XCBuildConfiguration;
			buildSettings = {
				ASSETCATALOG_COMPILER_APPICON_NAME = AppIcon;
				CODE_SIGN_STYLE = Automatic;
				INFOPLIST_FILE = ClosureInTableViewCell/Info.plist;
				LD_RUNPATH_SEARCH_PATHS = (
					"$(inherited)",
					"@executable_path/Frameworks",
				);
				PRODUCT_BUNDLE_IDENTIFIER = "luye--n-a-o.ClosureInTableViewCell";
				PRODUCT_NAME = "$(TARGET_NAME)";
				SWIFT_VERSION = 5.0;
				TARGETED_DEVICE_FAMILY = "1,2";
			};
			name = Release;
		};
/* End XCBuildConfiguration section */

/* Begin XCConfigurationList section */
		81401D5C2505439600292B07 /* Build configuration list for PBXProject "ClosureInTableViewCell" */ = {
			isa = XCConfigurationList;
			buildConfigurations = (
				81401D732505439A00292B07 /* Debug */,
				81401D742505439A00292B07 /* Release */,
			);
			defaultConfigurationIsVisible = 0;
			defaultConfigurationName = Release;
		};
		81401D752505439A00292B07 /* Build configuration list for PBXNativeTarget "ClosureInTableViewCell" */ = {
			isa = XCConfigurationList;
			buildConfigurations = (
				81401D762505439A00292B07 /* Debug */,
				81401D772505439A00292B07 /* Release */,
			);
			defaultConfigurationIsVisible = 0;
			defaultConfigurationName = Release;
		};
/* End XCConfigurationList section */
	};
	rootObject = 81401D592505439600292B07 /* Project object */;
}
